// !$*UTF8*$!
{
	archiveVersion = 1;
	classes = {
	};
	objectVersion = 46;
	objects = {

/* Begin PBXBuildFile section */
		22BD96CE1BCCA41B00DE4422 /* AppDelegate.swift in Sources */ = {isa = PBXBuildFile; fileRef = 22BD96CD1BCCA41B00DE4422 /* AppDelegate.swift */; };
		22BD96D01BCCA41B00DE4422 /* ViewController.swift in Sources */ = {isa = PBXBuildFile; fileRef = 22BD96CF1BCCA41B00DE4422 /* ViewController.swift */; };
		22BD96D31BCCA41B00DE4422 /* Main.storyboard in Resources */ = {isa = PBXBuildFile; fileRef = 22BD96D11BCCA41B00DE4422 /* Main.storyboard */; };
		22BD96D51BCCA41B00DE4422 /* Assets.xcassets in Resources */ = {isa = PBXBuildFile; fileRef = 22BD96D41BCCA41B00DE4422 /* Assets.xcassets */; };
		22BD96D81BCCA41B00DE4422 /* LaunchScreen.storyboard in Resources */ = {isa = PBXBuildFile; fileRef = 22BD96D61BCCA41B00DE4422 /* LaunchScreen.storyboard */; };
		22BD96E31BCCA41B00DE4422 /* LifeLineTests.swift in Sources */ = {isa = PBXBuildFile; fileRef = 22BD96E21BCCA41B00DE4422 /* LifeLineTests.swift */; };
		22BD96EE1BCCA41C00DE4422 /* LifeLineUITests.swift in Sources */ = {isa = PBXBuildFile; fileRef = 22BD96ED1BCCA41C00DE4422 /* LifeLineUITests.swift */; };
/* End PBXBuildFile section */

/* Begin PBXContainerItemProxy section */
		22BD96DF1BCCA41B00DE4422 /* PBXContainerItemProxy */ = {
			isa = PBXContainerItemProxy;
			containerPortal = 22BD96C21BCCA41B00DE4422 /* Project object */;
			proxyType = 1;
			remoteGlobalIDString = 22BD96C91BCCA41B00DE4422;
			remoteInfo = LifeLine;
		};
		22BD96EA1BCCA41B00DE4422 /* PBXContainerItemProxy */ = {
			isa = PBXContainerItemProxy;
			containerPortal = 22BD96C21BCCA41B00DE4422 /* Project object */;
			proxyType = 1;
			remoteGlobalIDString = 22BD96C91BCCA41B00DE4422;
			remoteInfo = LifeLine;
		};
/* End PBXContainerItemProxy section */

/* Begin PBXFileReference section */
		22BD96CA1BCCA41B00DE4422 /* LifeLine.app */ = {isa = PBXFileReference; explicitFileType = wrapper.application; includeInIndex = 0; path = LifeLine.app; sourceTree = BUILT_PRODUCTS_DIR; };
		22BD96CD1BCCA41B00DE4422 /* AppDelegate.swift */ = {isa = PBXFileReference; lastKnownFileType = sourcecode.swift; path = AppDelegate.swift; sourceTree = "<group>"; };
		22BD96CF1BCCA41B00DE4422 /* ViewController.swift */ = {isa = PBXFileReference; lastKnownFileType = sourcecode.swift; path = ViewController.swift; sourceTree = "<group>"; };
		22BD96D21BCCA41B00DE4422 /* Base */ = {isa = PBXFileReference; lastKnownFileType = file.storyboard; name = Base; path = Base.lproj/Main.storyboard; sourceTree = "<group>"; };
		22BD96D41BCCA41B00DE4422 /* Assets.xcassets */ = {isa = PBXFileReference; lastKnownFileType = folder.assetcatalog; path = Assets.xcassets; sourceTree = "<group>"; };
		22BD96D71BCCA41B00DE4422 /* Base */ = {isa = PBXFileReference; lastKnownFileType = file.storyboard; name = Base; path = Base.lproj/LaunchScreen.storyboard; sourceTree = "<group>"; };
		22BD96D91BCCA41B00DE4422 /* Info.plist */ = {isa = PBXFileReference; lastKnownFileType = text.plist.xml; path = Info.plist; sourceTree = "<group>"; };
		22BD96DE1BCCA41B00DE4422 /* LifeLineTests.xctest */ = {isa = PBXFileReference; explicitFileType = wrapper.cfbundle; includeInIndex = 0; path = LifeLineTests.xctest; sourceTree = BUILT_PRODUCTS_DIR; };
		22BD96E21BCCA41B00DE4422 /* LifeLineTests.swift */ = {isa = PBXFileReference; lastKnownFileType = sourcecode.swift; path = LifeLineTests.swift; sourceTree = "<group>"; };
		22BD96E41BCCA41B00DE4422 /* Info.plist */ = {isa = PBXFileReference; lastKnownFileType = text.plist.xml; path = Info.plist; sourceTree = "<group>"; };
		22BD96E91BCCA41B00DE4422 /* LifeLineUITests.xctest */ = {isa = PBXFileReference; explicitFileType = wrapper.cfbundle; includeInIndex = 0; path = LifeLineUITests.xctest; sourceTree = BUILT_PRODUCTS_DIR; };
		22BD96ED1BCCA41C00DE4422 /* LifeLineUITests.swift */ = {isa = PBXFileReference; lastKnownFileType = sourcecode.swift; path = LifeLineUITests.swift; sourceTree = "<group>"; };
		22BD96EF1BCCA41C00DE4422 /* Info.plist */ = {isa = PBXFileReference; lastKnownFileType = text.plist.xml; path = Info.plist; sourceTree = "<group>"; };
/* End PBXFileReference section */

/* Begin PBXFrameworksBuildPhase section */
		22BD96C71BCCA41B00DE4422 /* Frameworks */ = {
			isa = PBXFrameworksBuildPhase;
			buildActionMask = 2147483647;
			files = (
			);
			runOnlyForDeploymentPostprocessing = 0;
		};
		22BD96DB1BCCA41B00DE4422 /* Frameworks */ = {
			isa = PBXFrameworksBuildPhase;
			buildActionMask = 2147483647;
			files = (
			);
			runOnlyForDeploymentPostprocessing = 0;
		};
		22BD96E61BCCA41B00DE4422 /* Frameworks */ = {
			isa = PBXFrameworksBuildPhase;
			buildActionMask = 2147483647;
			files = (
			);
			runOnlyForDeploymentPostprocessing = 0;
		};
/* End PBXFrameworksBuildPhase section */

/* Begin PBXGroup section */
		22BD96C11BCCA41B00DE4422 = {
			isa = PBXGroup;
			children = (
				22BD96CC1BCCA41B00DE4422 /* LifeLine */,
				22BD96E11BCCA41B00DE4422 /* LifeLineTests */,
				22BD96EC1BCCA41C00DE4422 /* LifeLineUITests */,
				22BD96CB1BCCA41B00DE4422 /* Products */,
			);
			sourceTree = "<group>";
		};
		22BD96CB1BCCA41B00DE4422 /* Products */ = {
			isa = PBXGroup;
			children = (
				22BD96CA1BCCA41B00DE4422 /* LifeLine.app */,
				22BD96DE1BCCA41B00DE4422 /* LifeLineTests.xctest */,
				22BD96E91BCCA41B00DE4422 /* LifeLineUITests.xctest */,
			);
			name = Products;
			sourceTree = "<group>";
		};
		22BD96CC1BCCA41B00DE4422 /* LifeLine */ = {
			isa = PBXGroup;
			children = (
				22BD96CD1BCCA41B00DE4422 /* AppDelegate.swift */,
				22BD96CF1BCCA41B00DE4422 /* ViewController.swift */,
				22BD96D11BCCA41B00DE4422 /* Main.storyboard */,
				22BD96D41BCCA41B00DE4422 /* Assets.xcassets */,
				22BD96D61BCCA41B00DE4422 /* LaunchScreen.storyboard */,
				22BD96D91BCCA41B00DE4422 /* Info.plist */,
			);
			path = LifeLine;
			sourceTree = "<group>";
		};
		22BD96E11BCCA41B00DE4422 /* LifeLineTests */ = {
			isa = PBXGroup;
			children = (
				22BD96E21BCCA41B00DE4422 /* LifeLineTests.swift */,
				22BD96E41BCCA41B00DE4422 /* Info.plist */,
			);
			path = LifeLineTests;
			sourceTree = "<group>";
		};
		22BD96EC1BCCA41C00DE4422 /* LifeLineUITests */ = {
			isa = PBXGroup;
			children = (
				22BD96ED1BCCA41C00DE4422 /* LifeLineUITests.swift */,
				22BD96EF1BCCA41C00DE4422 /* Info.plist */,
			);
			path = LifeLineUITests;
			sourceTree = "<group>";
		};
/* End PBXGroup section */

/* Begin PBXNativeTarget section */
		22BD96C91BCCA41B00DE4422 /* LifeLine */ = {
			isa = PBXNativeTarget;
			buildConfigurationList = 22BD96F21BCCA41C00DE4422 /* Build configuration list for PBXNativeTarget "LifeLine" */;
			buildPhases = (
				22BD96C61BCCA41B00DE4422 /* Sources */,
				22BD96C71BCCA41B00DE4422 /* Frameworks */,
				22BD96C81BCCA41B00DE4422 /* Resources */,
			);
			buildRules = (
			);
			dependencies = (
			);
			name = LifeLine;
			productName = LifeLine;
			productReference = 22BD96CA1BCCA41B00DE4422 /* LifeLine.app */;
			productType = "com.apple.product-type.application";
		};
		22BD96DD1BCCA41B00DE4422 /* LifeLineTests */ = {
			isa = PBXNativeTarget;
			buildConfigurationList = 22BD96F51BCCA41C00DE4422 /* Build configuration list for PBXNativeTarget "LifeLineTests" */;
			buildPhases = (
				22BD96DA1BCCA41B00DE4422 /* Sources */,
				22BD96DB1BCCA41B00DE4422 /* Frameworks */,
				22BD96DC1BCCA41B00DE4422 /* Resources */,
			);
			buildRules = (
			);
			dependencies = (
				22BD96E01BCCA41B00DE4422 /* PBXTargetDependency */,
			);
			name = LifeLineTests;
			productName = LifeLineTests;
			productReference = 22BD96DE1BCCA41B00DE4422 /* LifeLineTests.xctest */;
			productType = "com.apple.product-type.bundle.unit-test";
		};
		22BD96E81BCCA41B00DE4422 /* LifeLineUITests */ = {
			isa = PBXNativeTarget;
			buildConfigurationList = 22BD96F81BCCA41C00DE4422 /* Build configuration list for PBXNativeTarget "LifeLineUITests" */;
			buildPhases = (
				22BD96E51BCCA41B00DE4422 /* Sources */,
				22BD96E61BCCA41B00DE4422 /* Frameworks */,
				22BD96E71BCCA41B00DE4422 /* Resources */,
			);
			buildRules = (
			);
			dependencies = (
				22BD96EB1BCCA41B00DE4422 /* PBXTargetDependency */,
			);
			name = LifeLineUITests;
			productName = LifeLineUITests;
			productReference = 22BD96E91BCCA41B00DE4422 /* LifeLineUITests.xctest */;
			productType = "com.apple.product-type.bundle.ui-testing";
		};
/* End PBXNativeTarget section */

/* Begin PBXProject section */
		22BD96C21BCCA41B00DE4422 /* Project object */ = {
			isa = PBXProject;
			attributes = {
				LastUpgradeCheck = 0700;
				ORGANIZATIONNAME = "Beyond 2021";
				TargetAttributes = {
					22BD96C91BCCA41B00DE4422 = {
						CreatedOnToolsVersion = 7.0.1;
					};
					22BD96DD1BCCA41B00DE4422 = {
						CreatedOnToolsVersion = 7.0.1;
						TestTargetID = 22BD96C91BCCA41B00DE4422;
					};
					22BD96E81BCCA41B00DE4422 = {
						CreatedOnToolsVersion = 7.0.1;
						TestTargetID = 22BD96C91BCCA41B00DE4422;
					};
				};
			};
			buildConfigurationList = 22BD96C51BCCA41B00DE4422 /* Build configuration list for PBXProject "LifeLine" */;
			compatibilityVersion = "Xcode 3.2";
			developmentRegion = English;
			hasScannedForEncodings = 0;
			knownRegions = (
				en,
				Base,
			);
			mainGroup = 22BD96C11BCCA41B00DE4422;
			productRefGroup = 22BD96CB1BCCA41B00DE4422 /* Products */;
			projectDirPath = "";
			projectRoot = "";
			targets = (
				22BD96C91BCCA41B00DE4422 /* LifeLine */,
				22BD96DD1BCCA41B00DE4422 /* LifeLineTests */,
				22BD96E81BCCA41B00DE4422 /* LifeLineUITests */,
			);
		};
/* End PBXProject section */

/* Begin PBXResourcesBuildPhase section */
		22BD96C81BCCA41B00DE4422 /* Resources */ = {
			isa = PBXResourcesBuildPhase;
			buildActionMask = 2147483647;
			files = (
				22BD96D81BCCA41B00DE4422 /* LaunchScreen.storyboard in Resources */,
				22BD96D51BCCA41B00DE4422 /* Assets.xcassets in Resources */,
				22BD96D31BCCA41B00DE4422 /* Main.storyboard in Resources */,
			);
			runOnlyForDeploymentPostprocessing = 0;
		};
		22BD96DC1BCCA41B00DE4422 /* Resources */ = {
			isa = PBXResourcesBuildPhase;
			buildActionMask = 2147483647;
			files = (
			);
			runOnlyForDeploymentPostprocessing = 0;
		};
		22BD96E71BCCA41B00DE4422 /* Resources */ = {
			isa = PBXResourcesBuildPhase;
			buildActionMask = 2147483647;
			files = (
			);
			runOnlyForDeploymentPostprocessing = 0;
		};
/* End PBXResourcesBuildPhase section */

/* Begin PBXSourcesBuildPhase section */
		22BD96C61BCCA41B00DE4422 /* Sources */ = {
			isa = PBXSourcesBuildPhase;
			buildActionMask = 2147483647;
			files = (
				22BD96D01BCCA41B00DE4422 /* ViewController.swift in Sources */,
				22BD96CE1BCCA41B00DE4422 /* AppDelegate.swift in Sources */,
			);
			runOnlyForDeploymentPostprocessing = 0;
		};
		22BD96DA1BCCA41B00DE4422 /* Sources */ = {
			isa = PBXSourcesBuildPhase;
			buildActionMask = 2147483647;
			files = (
				22BD96E31BCCA41B00DE4422 /* LifeLineTests.swift in Sources */,
			);
			runOnlyForDeploymentPostprocessing = 0;
		};
		22BD96E51BCCA41B00DE4422 /* Sources */ = {
			isa = PBXSourcesBuildPhase;
			buildActionMask = 2147483647;
			files = (
				22BD96EE1BCCA41C00DE4422 /* LifeLineUITests.swift in Sources */,
			);
			runOnlyForDeploymentPostprocessing = 0;
		};
/* End PBXSourcesBuildPhase section */

/* Begin PBXTargetDependency section */
		22BD96E01BCCA41B00DE4422 /* PBXTargetDependency */ = {
			isa = PBXTargetDependency;
			target = 22BD96C91BCCA41B00DE4422 /* LifeLine */;
			targetProxy = 22BD96DF1BCCA41B00DE4422 /* PBXContainerItemProxy */;
		};
		22BD96EB1BCCA41B00DE4422 /* PBXTargetDependency */ = {
			isa = PBXTargetDependency;
			target = 22BD96C91BCCA41B00DE4422 /* LifeLine */;
			targetProxy = 22BD96EA1BCCA41B00DE4422 /* PBXContainerItemProxy */;
		};
/* End PBXTargetDependency section */

/* Begin PBXVariantGroup section */
		22BD96D11BCCA41B00DE4422 /* Main.storyboard */ = {
			isa = PBXVariantGroup;
			children = (
				22BD96D21BCCA41B00DE4422 /* Base */,
			);
			name = Main.storyboard;
			sourceTree = "<group>";
		};
		22BD96D61BCCA41B00DE4422 /* LaunchScreen.storyboard */ = {
			isa = PBXVariantGroup;
			children = (
				22BD96D71BCCA41B00DE4422 /* Base */,
			);
			name = LaunchScreen.storyboard;
			sourceTree = "<group>";
		};
/* End PBXVariantGroup section */

/* Begin XCBuildConfiguration section */
		22BD96F01BCCA41C00DE4422 /* Debug */ = {
			isa = XCBuildConfiguration;
			buildSettings = {
				ALWAYS_SEARCH_USER_PATHS = NO;
				CLANG_CXX_LANGUAGE_STANDARD = "gnu++0x";
				CLANG_CXX_LIBRARY = "libc++";
				CLANG_ENABLE_MODULES = YES;
				CLANG_ENABLE_OBJC_ARC = YES;
				CLANG_WARN_BOOL_CONVERSION = YES;
				CLANG_WARN_CONSTANT_CONVERSION = YES;
				CLANG_WARN_DIRECT_OBJC_ISA_USAGE = YES_ERROR;
				CLANG_WARN_EMPTY_BODY = YES;
				CLANG_WARN_ENUM_CONVERSION = YES;
				CLANG_WARN_INT_CONVERSION = YES;
				CLANG_WARN_OBJC_ROOT_CLASS = YES_ERROR;
				CLANG_WARN_UNREACHABLE_CODE = YES;
				CLANG_WARN__DUPLICATE_METHOD_MATCH = YES;
				"CODE_SIGN_IDENTITY[sdk=iphoneos*]" = "iPhone Developer";
				COPY_PHASE_STRIP = NO;
				DEBUG_INFORMATION_FORMAT = dwarf;
				ENABLE_STRICT_OBJC_MSGSEND = YES;
				ENABLE_TESTABILITY = YES;
				GCC_C_LANGUAGE_STANDARD = gnu99;
				GCC_DYNAMIC_NO_PIC = NO;
				GCC_NO_COMMON_BLOCKS = YES;
				GCC_OPTIMIZATION_LEVEL = 0;
				GCC_PREPROCESSOR_DEFINITIONS = (
					"DEBUG=1",
					"$(inherited)",
				);
				GCC_WARN_64_TO_32_BIT_CONVERSION = YES;
				GCC_WARN_ABOUT_RETURN_TYPE = YES_ERROR;
				GCC_WARN_UNDECLARED_SELECTOR = YES;
				GCC_WARN_UNINITIALIZED_AUTOS = YES_AGGRESSIVE;
				GCC_WARN_UNUSED_FUNCTION = YES;
				GCC_WARN_UNUSED_VARIABLE = YES;
				IPHONEOS_DEPLOYMENT_TARGET = 9.0;
				MTL_ENABLE_DEBUG_INFO = YES;
				ONLY_ACTIVE_ARCH = YES;
				SDKROOT = iphoneos;
				SWIFT_OPTIMIZATION_LEVEL = "-Onone";
			};
			name = Debug;
		};
		22BD96F11BCCA41C00DE4422 /* Release */ = {
			isa = XCBuildConfiguration;
			buildSettings = {
				ALWAYS_SEARCH_USER_PATHS = NO;
				CLANG_CXX_LANGUAGE_STANDARD = "gnu++0x";
				CLANG_CXX_LIBRARY = "libc++";
				CLANG_ENABLE_MODULES = YES;
				CLANG_ENABLE_OBJC_ARC = YES;
				CLANG_WARN_BOOL_CONVERSION = YES;
				CLANG_WARN_CONSTANT_CONVERSION = YES;
				CLANG_WARN_DIRECT_OBJC_ISA_USAGE = YES_ERROR;
				CLANG_WARN_EMPTY_BODY = YES;
				CLANG_WARN_ENUM_CONVERSION = YES;
				CLANG_WARN_INT_CONVERSION = YES;
				CLANG_WARN_OBJC_ROOT_CLASS = YES_ERROR;
				CLANG_WARN_UNREACHABLE_CODE = YES;
				CLANG_WARN__DUPLICATE_METHOD_MATCH = YES;
				"CODE_SIGN_IDENTITY[sdk=iphoneos*]" = "iPhone Developer";
				COPY_PHASE_STRIP = NO;
				DEBUG_INFORMATION_FORMAT = "dwarf-with-dsym";
				ENABLE_NS_ASSERTIONS = NO;
				ENABLE_STRICT_OBJC_MSGSEND = YES;
				GCC_C_LANGUAGE_STANDARD = gnu99;
				GCC_NO_COMMON_BLOCKS = YES;
				GCC_WARN_64_TO_32_BIT_CONVERSION = YES;
				GCC_WARN_ABOUT_RETURN_TYPE = YES_ERROR;
				GCC_WARN_UNDECLARED_SELECTOR = YES;
				GCC_WARN_UNINITIALIZED_AUTOS = YES_AGGRESSIVE;
				GCC_WARN_UNUSED_FUNCTION = YES;
				GCC_WARN_UNUSED_VARIABLE = YES;
				IPHONEOS_DEPLOYMENT_TARGET = 9.0;
				MTL_ENABLE_DEBUG_INFO = NO;
				SDKROOT = iphoneos;
				VALIDATE_PRODUCT = YES;
			};
			name = Release;
		};
		22BD96F31BCCA41C00DE4422 /* Debug */ = {
			isa = XCBuildConfiguration;
			buildSettings = {
				ASSETCATALOG_COMPILER_APPICON_NAME = AppIcon;
				INFOPLIST_FILE = LifeLine/Info.plist;
				LD_RUNPATH_SEARCH_PATHS = "$(inherited) @executable_path/Frameworks";
				PRODUCT_BUNDLE_IDENTIFIER = com.beyond2021.LifeLine;
				PRODUCT_NAME = "$(TARGET_NAME)";
			};
			name = Debug;
		};
		22BD96F41BCCA41C00DE4422 /* Release */ = {
			isa = XCBuildConfiguration;
			buildSettings = {
				ASSETCATALOG_COMPILER_APPICON_NAME = AppIcon;
				INFOPLIST_FILE = LifeLine/Info.plist;
				LD_RUNPATH_SEARCH_PATHS = "$(inherited) @executable_path/Frameworks";
				PRODUCT_BUNDLE_IDENTIFIER = com.beyond2021.LifeLine;
				PRODUCT_NAME = "$(TARGET_NAME)";
			};
			name = Release;
		};
		22BD96F61BCCA41C00DE4422 /* Debug */ = {
			isa = XCBuildConfiguration;
			buildSettings = {
				BUNDLE_LOADER = "$(TEST_HOST)";
				INFOPLIST_FILE = LifeLineTests/Info.plist;
				LD_RUNPATH_SEARCH_PATHS = "$(inherited) @executable_path/Frameworks @loader_path/Frameworks";
				PRODUCT_BUNDLE_IDENTIFIER = com.beyond2021.LifeLineTests;
				PRODUCT_NAME = "$(TARGET_NAME)";
				TEST_HOST = "$(BUILT_PRODUCTS_DIR)/LifeLine.app/LifeLine";
			};
			name = Debug;
		};
		22BD96F71BCCA41C00DE4422 /* Release */ = {
			isa = XCBuildConfiguration;
			buildSettings = {
				BUNDLE_LOADER = "$(TEST_HOST)";
				INFOPLIST_FILE = LifeLineTests/Info.plist;
				LD_RUNPATH_SEARCH_PATHS = "$(inherited) @executable_path/Frameworks @loader_path/Frameworks";
				PRODUCT_BUNDLE_IDENTIFIER = com.beyond2021.LifeLineTests;
				PRODUCT_NAME = "$(TARGET_NAME)";
				TEST_HOST = "$(BUILT_PRODUCTS_DIR)/LifeLine.app/LifeLine";
			};
			name = Release;
		};
		22BD96F91BCCA41C00DE4422 /* Debug */ = {
			isa = XCBuildConfiguration;
			buildSettings = {
				INFOPLIST_FILE = LifeLineUITests/Info.plist;
				LD_RUNPATH_SEARCH_PATHS = "$(inherited) @executable_path/Frameworks @loader_path/Frameworks";
				PRODUCT_BUNDLE_IDENTIFIER = com.beyond2021.LifeLineUITests;
				PRODUCT_NAME = "$(TARGET_NAME)";
				TEST_TARGET_NAME = LifeLine;
				USES_XCTRUNNER = YES;
			};
			name = Debug;
		};
		22BD96FA1BCCA41C00DE4422 /* Release */ = {
			isa = XCBuildConfiguration;
			buildSettings = {
				INFOPLIST_FILE = LifeLineUITests/Info.plist;
				LD_RUNPATH_SEARCH_PATHS = "$(inherited) @executable_path/Frameworks @loader_path/Frameworks";
				PRODUCT_BUNDLE_IDENTIFIER = com.beyond2021.LifeLineUITests;
				PRODUCT_NAME = "$(TARGET_NAME)";
				TEST_TARGET_NAME = LifeLine;
				USES_XCTRUNNER = YES;
			};
			name = Release;
		};
/* End XCBuildConfiguration section */

/* Begin XCConfigurationList section */
		22BD96C51BCCA41B00DE4422 /* Build configuration list for PBXProject "LifeLine" */ = {
			isa = XCConfigurationList;
			buildConfigurations = (
				22BD96F01BCCA41C00DE4422 /* Debug */,
				22BD96F11BCCA41C00DE4422 /* Release */,
			);
			defaultConfigurationIsVisible = 0;
			defaultConfigurationName = Release;
		};
		22BD96F21BCCA41C00DE4422 /* Build configuration list for PBXNativeTarget "LifeLine" */ = {
			isa = XCConfigurationList;
			buildConfigurations = (
				22BD96F31BCCA41C00DE4422 /* Debug */,
				22BD96F41BCCA41C00DE4422 /* Release */,
			);
			defaultConfigurationIsVisible = 0;
		};
		22BD96F51BCCA41C00DE4422 /* Build configuration list for PBXNativeTarget "LifeLineTests" */ = {
			isa = XCConfigurationList;
			buildConfigurations = (
				22BD96F61BCCA41C00DE4422 /* Debug */,
				22BD96F71BCCA41C00DE4422 /* Release */,
			);
			defaultConfigurationIsVisible = 0;
		};
		22BD96F81BCCA41C00DE4422 /* Build configuration list for PBXNativeTarget "LifeLineUITests" */ = {
			isa = XCConfigurationList;
			buildConfigurations = (
				22BD96F91BCCA41C00DE4422 /* Debug */,
				22BD96FA1BCCA41C00DE4422 /* Release */,
			);
			defaultConfigurationIsVisible = 0;
		};
/* End XCConfigurationList section */
	};
	rootObject = 22BD96C21BCCA41B00DE4422 /* Project object */;
}
